
Microsoft Visual Studio Solution File, Format Version 12.00
# Visual Studio Version 17
VisualStudioVersion = 17.9.34616.47
MinimumVisualStudioVersion = 10.0.40219.1
Project("{9A19103F-16F7-4668-BE54-9A1E7A4F7556}") = "Blogy.WebUI", "Blogy.WebUI\Blogy.WebUI.csproj", "{59EF9CAD-E94E-48CC-9FC1-1018DC721FFF}"
EndProject
Project("{9A19103F-16F7-4668-BE54-9A1E7A4F7556}") = "Blogy.EntityLayer", "Blogy.EntityLayer\Blogy.EntityLayer.csproj", "{48BDCC01-3789-40CD-B40E-93FB5386F96F}"
EndProject
Project("{9A19103F-16F7-4668-BE54-9A1E7A4F7556}") = "Blogy.DataAccesLayer", "Blogy.DataAccesLayer\Blogy.DataAccesLayer.csproj", "{508E29D2-9047-4DDB-B949-BBE48078AE02}"
EndProject
Project("{9A19103F-16F7-4668-BE54-9A1E7A4F7556}") = "Blogy.BusinessLayer", "Blogy.BusinessLayer\Blogy.BusinessLayer.csproj", "{615BADD7-6CD2-4DD4-94FC-A53FD11249A9}"
EndProject
Project("{FAE04EC0-301F-11D3-BF4B-00C04F79EFBC}") = "Blogy.Dto.Layer", "Blogy.Dto.Layer\Blogy.Dto.Layer.csproj", "{DE5D6B8A-D492-448B-8016-5F4C1C8562E5}"
EndProject
Global
	GlobalSection(SolutionConfigurationPlatforms) = preSolution
		Debug|Any CPU = Debug|Any CPU
		Release|Any CPU = Release|Any CPU
	EndGlobalSection
	GlobalSection(ProjectConfigurationPlatforms) = postSolution
		{59EF9CAD-E94E-48CC-9FC1-1018DC721FFF}.Debug|Any CPU.ActiveCfg = Debug|Any CPU
		{59EF9CAD-E94E-48CC-9FC1-1018DC721FFF}.Debug|Any CPU.Build.0 = Debug|Any CPU
		{59EF9CAD-E94E-48CC-9FC1-1018DC721FFF}.Release|Any CPU.ActiveCfg = Release|Any CPU
		{59EF9CAD-E94E-48CC-9FC1-1018DC721FFF}.Release|Any CPU.Build.0 = Release|Any CPU
		{48BDCC01-3789-40CD-B40E-93FB5386F96F}.Debug|Any CPU.ActiveCfg = Debug|Any CPU
		{48BDCC01-3789-40CD-B40E-93FB5386F96F}.Debug|Any CPU.Build.0 = Debug|Any CPU
		{48BDCC01-3789-40CD-B40E-93FB5386F96F}.Release|Any CPU.ActiveCfg = Release|Any CPU
		{48BDCC01-3789-40CD-B40E-93FB5386F96F}.Release|Any CPU.Build.0 = Release|Any CPU
		{508E29D2-9047-4DDB-B949-BBE48078AE02}.Debug|Any CPU.ActiveCfg = Debug|Any CPU
		{508E29D2-9047-4DDB-B949-BBE48078AE02}.Debug|Any CPU.Build.0 = Debug|Any CPU
		{508E29D2-9047-4DDB-B949-BBE48078AE02}.Release|Any CPU.ActiveCfg = Release|Any CPU
		{508E29D2-9047-4DDB-B949-BBE48078AE02}.Release|Any CPU.Build.0 = Release|Any CPU
		{615BADD7-6CD2-4DD4-94FC-A53FD11249A9}.Debug|Any CPU.ActiveCfg = Debug|Any CPU
		{615BADD7-6CD2-4DD4-94FC-A53FD11249A9}.Debug|Any CPU.Build.0 = Debug|Any CPU
		{615BADD7-6CD2-4DD4-94FC-A53FD11249A9}.Release|Any CPU.ActiveCfg = Release|Any CPU
		{615BADD7-6CD2-4DD4-94FC-A53FD11249A9}.Release|Any CPU.Build.0 = Release|Any CPU
		{DE5D6B8A-D492-448B-8016-5F4C1C8562E5}.Debug|Any CPU.ActiveCfg = Debug|Any CPU
		{DE5D6B8A-D492-448B-8016-5F4C1C8562E5}.Debug|Any CPU.Build.0 = Debug|Any CPU
		{DE5D6B8A-D492-448B-8016-5F4C1C8562E5}.Release|Any CPU.ActiveCfg = Release|Any CPU
		{DE5D6B8A-D492-448B-8016-5F4C1C8562E5}.Release|Any CPU.Build.0 = Release|Any CPU
	EndGlobalSection
	GlobalSection(SolutionProperties) = preSolution
		HideSolutionNode = FALSE
	EndGlobalSection
	GlobalSection(ExtensibilityGlobals) = postSolution
		SolutionGuid = {5D94BED4-7DB5-4DFE-9C82-8A28828F9999}
	EndGlobalSection
EndGlobal
